# Copyright 2022 Google LLC
#
# Licensed under the Apache License, Version 2.0 (the "License");
# you may not use this file except in compliance with the License.
# You may obtain a copy of the License at
#
#      http://www.apache.org/licenses/LICENSE-2.0
#
# Unless required by applicable law or agreed to in writing, software
# distributed under the License is distributed on an "AS IS" BASIS,
# WITHOUT WARRANTIES OR CONDITIONS OF ANY KIND, either express or implied.
# See the License for the specific language governing permissions and
# limitations under the License.
docker:
  image: gcr.io/cloud-devrel-public-resources/owlbot-java:latest
  digest: sha256:f8374176dc59291f05dd3fec927a9da2cda687a9ef4de32e77f699a2be12ab45
# created: 2022-07-07T14:26:11.880812641Z
