# Copyright 2024 Google LLC
#
# Licensed under the Apache License, Version 2.0 (the "License");
# you may not use this file except in compliance with the License.
# You may obtain a copy of the License at
#
#      http://www.apache.org/licenses/LICENSE-2.0
#
# Unless required by applicable law or agreed to in writing, software
# distributed under the License is distributed on an "AS IS" BASIS,
# WITHOUT WARRANTIES OR CONDITIONS OF ANY KIND, either express or implied.
# See the License for the specific language governing permissions and
# limitations under the License.
docker:
  image: gcr.io/cloud-devrel-public-resources/owlbot-java:latest
  digest: sha256:033161f610016d155d58f96769ad5a821d203824684e8a13fc50be8c25a5f9cf
# created: 2024-04-04T20:03:23.876897177Z
